
Microsoft Visual Studio Solution File, Format Version 12.00
# Visual Studio 2013
VisualStudioVersion = 12.0.31101.0
MinimumVisualStudioVersion = 10.0.40219.1
Project("{FAE04EC0-301F-11D3-BF4B-00C04F79EFBC}") = "TdseSolver_2D1P", "TdseSolver_2D1P\TdseSolver_2D1P.csproj", "{A981BA08-BEA9-4D02-B029-876D390AE0A4}"
	ProjectSection(ProjectDependencies) = postProject
		{0AC8E9DE-2CF1-4582-A341-8073B7081BA0} = {0AC8E9DE-2CF1-4582-A341-8073B7081BA0}
	EndProjectSection
EndProject
Project("{FAE04EC0-301F-11D3-BF4B-00C04F79EFBC}") = "TdseSolver_3D1P", "TdseSolver_3D1P\TdseSolver_3D1P.csproj", "{A981BA08-BEA9-4D02-B029-876D390AE0B5}"
	ProjectSection(ProjectDependencies) = postProject
		{0AC8E9DE-2CF1-4582-A341-8073B7081BA0} = {0AC8E9DE-2CF1-4582-A341-8073B7081BA0}
	EndProjectSection
EndProject
Project("{FAE04EC0-301F-11D3-BF4B-00C04F79EFBC}") = "TdseSolver_2D2P", "TdseSolver_2D2P\TdseSolver_2D2P.csproj", "{A981BA08-BEA9-4D02-B029-876D390AE093}"
	ProjectSection(ProjectDependencies) = postProject
		{0AC8E9DE-2CF1-4582-A341-8073B7081BA0} = {0AC8E9DE-2CF1-4582-A341-8073B7081BA0}
	EndProjectSection
EndProject
Project("{FAE04EC0-301F-11D3-BF4B-00C04F79EFBC}") = "TdseSolver_3D2P", "TdseSolver_3D2P\TdseSolver_3D2P.csproj", "{A981BA08-BEA9-4D02-B029-876D390AE011}"
	ProjectSection(ProjectDependencies) = postProject
		{0AC8E9DE-2CF1-4582-A341-8073B7081BA0} = {0AC8E9DE-2CF1-4582-A341-8073B7081BA0}
	EndProjectSection
EndProject
Project("{FAE04EC0-301F-11D3-BF4B-00C04F79EFBC}") = "TdseUtils", "TdseUtils\TdseUtils.csproj", "{0AC8E9DE-2CF1-4582-A341-8073B7081BA0}"
EndProject
Global
	GlobalSection(SolutionConfigurationPlatforms) = preSolution
		Debug|Any CPU = Debug|Any CPU
		Debug|Mixed Platforms = Debug|Mixed Platforms
		Debug|Win32 = Debug|Win32
		Release|Any CPU = Release|Any CPU
		Release|Mixed Platforms = Release|Mixed Platforms
		Release|Win32 = Release|Win32
	EndGlobalSection
	GlobalSection(ProjectConfigurationPlatforms) = postSolution
		{A981BA08-BEA9-4D02-B029-876D390AE0A4}.Debug|Any CPU.ActiveCfg = Debug|Any CPU
		{A981BA08-BEA9-4D02-B029-876D390AE0A4}.Debug|Any CPU.Build.0 = Debug|Any CPU
		{A981BA08-BEA9-4D02-B029-876D390AE0A4}.Debug|Mixed Platforms.ActiveCfg = Debug|Any CPU
		{A981BA08-BEA9-4D02-B029-876D390AE0A4}.Debug|Mixed Platforms.Build.0 = Debug|Any CPU
		{A981BA08-BEA9-4D02-B029-876D390AE0A4}.Debug|Win32.ActiveCfg = Debug|Any CPU
		{A981BA08-BEA9-4D02-B029-876D390AE0A4}.Release|Any CPU.ActiveCfg = Release|Any CPU
		{A981BA08-BEA9-4D02-B029-876D390AE0A4}.Release|Any CPU.Build.0 = Release|Any CPU
		{A981BA08-BEA9-4D02-B029-876D390AE0A4}.Release|Mixed Platforms.ActiveCfg = Release|Any CPU
		{A981BA08-BEA9-4D02-B029-876D390AE0A4}.Release|Mixed Platforms.Build.0 = Release|Any CPU
		{A981BA08-BEA9-4D02-B029-876D390AE0A4}.Release|Win32.ActiveCfg = Release|Any CPU
		{A981BA08-BEA9-4D02-B029-876D390AE0B5}.Debug|Any CPU.ActiveCfg = Debug|Any CPU
		{A981BA08-BEA9-4D02-B029-876D390AE0B5}.Debug|Any CPU.Build.0 = Debug|Any CPU
		{A981BA08-BEA9-4D02-B029-876D390AE0B5}.Debug|Mixed Platforms.ActiveCfg = Debug|Any CPU
		{A981BA08-BEA9-4D02-B029-876D390AE0B5}.Debug|Mixed Platforms.Build.0 = Debug|Any CPU
		{A981BA08-BEA9-4D02-B029-876D390AE0B5}.Debug|Win32.ActiveCfg = Debug|Any CPU
		{A981BA08-BEA9-4D02-B029-876D390AE0B5}.Release|Any CPU.ActiveCfg = Release|Any CPU
		{A981BA08-BEA9-4D02-B029-876D390AE0B5}.Release|Any CPU.Build.0 = Release|Any CPU
		{A981BA08-BEA9-4D02-B029-876D390AE0B5}.Release|Mixed Platforms.ActiveCfg = Release|Any CPU
		{A981BA08-BEA9-4D02-B029-876D390AE0B5}.Release|Mixed Platforms.Build.0 = Release|Any CPU
		{A981BA08-BEA9-4D02-B029-876D390AE0B5}.Release|Win32.ActiveCfg = Release|Any CPU
		{A981BA08-BEA9-4D02-B029-876D390AE093}.Debug|Any CPU.ActiveCfg = Debug|Any CPU
		{A981BA08-BEA9-4D02-B029-876D390AE093}.Debug|Any CPU.Build.0 = Debug|Any CPU
		{A981BA08-BEA9-4D02-B029-876D390AE093}.Debug|Mixed Platforms.ActiveCfg = Debug|Any CPU
		{A981BA08-BEA9-4D02-B029-876D390AE093}.Debug|Mixed Platforms.Build.0 = Debug|Any CPU
		{A981BA08-BEA9-4D02-B029-876D390AE093}.Debug|Win32.ActiveCfg = Debug|Any CPU
		{A981BA08-BEA9-4D02-B029-876D390AE093}.Release|Any CPU.ActiveCfg = Release|Any CPU
		{A981BA08-BEA9-4D02-B029-876D390AE093}.Release|Any CPU.Build.0 = Release|Any CPU
		{A981BA08-BEA9-4D02-B029-876D390AE093}.Release|Mixed Platforms.ActiveCfg = Release|Any CPU
		{A981BA08-BEA9-4D02-B029-876D390AE093}.Release|Mixed Platforms.Build.0 = Release|Any CPU
		{A981BA08-BEA9-4D02-B029-876D390AE093}.Release|Win32.ActiveCfg = Release|Any CPU
		{A981BA08-BEA9-4D02-B029-876D390AE011}.Debug|Any CPU.ActiveCfg = Debug|Any CPU
		{A981BA08-BEA9-4D02-B029-876D390AE011}.Debug|Any CPU.Build.0 = Debug|Any CPU
		{A981BA08-BEA9-4D02-B029-876D390AE011}.Debug|Mixed Platforms.ActiveCfg = Debug|Any CPU
		{A981BA08-BEA9-4D02-B029-876D390AE011}.Debug|Mixed Platforms.Build.0 = Debug|Any CPU
		{A981BA08-BEA9-4D02-B029-876D390AE011}.Debug|Win32.ActiveCfg = Debug|Any CPU
		{A981BA08-BEA9-4D02-B029-876D390AE011}.Release|Any CPU.ActiveCfg = Release|Any CPU
		{A981BA08-BEA9-4D02-B029-876D390AE011}.Release|Any CPU.Build.0 = Release|Any CPU
		{A981BA08-BEA9-4D02-B029-876D390AE011}.Release|Mixed Platforms.ActiveCfg = Release|Any CPU
		{A981BA08-BEA9-4D02-B029-876D390AE011}.Release|Mixed Platforms.Build.0 = Release|Any CPU
		{A981BA08-BEA9-4D02-B029-876D390AE011}.Release|Win32.ActiveCfg = Release|Any CPU
		{0AC8E9DE-2CF1-4582-A341-8073B7081BA0}.Debug|Any CPU.ActiveCfg = Debug|Any CPU
		{0AC8E9DE-2CF1-4582-A341-8073B7081BA0}.Debug|Any CPU.Build.0 = Debug|Any CPU
		{0AC8E9DE-2CF1-4582-A341-8073B7081BA0}.Debug|Mixed Platforms.ActiveCfg = Debug|Any CPU
		{0AC8E9DE-2CF1-4582-A341-8073B7081BA0}.Debug|Mixed Platforms.Build.0 = Debug|Any CPU
		{0AC8E9DE-2CF1-4582-A341-8073B7081BA0}.Debug|Win32.ActiveCfg = Debug|Any CPU
		{0AC8E9DE-2CF1-4582-A341-8073B7081BA0}.Release|Any CPU.ActiveCfg = Release|Any CPU
		{0AC8E9DE-2CF1-4582-A341-8073B7081BA0}.Release|Any CPU.Build.0 = Release|Any CPU
		{0AC8E9DE-2CF1-4582-A341-8073B7081BA0}.Release|Mixed Platforms.ActiveCfg = Release|Any CPU
		{0AC8E9DE-2CF1-4582-A341-8073B7081BA0}.Release|Mixed Platforms.Build.0 = Release|Any CPU
		{0AC8E9DE-2CF1-4582-A341-8073B7081BA0}.Release|Win32.ActiveCfg = Release|Any CPU
	EndGlobalSection
	GlobalSection(SolutionProperties) = preSolution
		HideSolutionNode = FALSE
	EndGlobalSection
EndGlobal
